
Microsoft Visual Studio Solution File, Format Version 12.00
# Visual Studio Version 16
VisualStudioVersion = 16.0.809.4
MinimumVisualStudioVersion = 10.0.40219.1
Project("{9A19103F-16F7-4668-BE54-9A1E7A4F7556}") = "Intro", "Intro\Intro.csproj", "{9731D301-741D-4340-B1A8-64A1ABE986C6}"
EndProject
Project("{9A19103F-16F7-4668-BE54-9A1E7A4F7556}") = "DotNetWithEndro.Branching", "DotNetWithEndro.Branching\DotNetWithEndro.Branching.csproj", "{4080B46A-DAFF-4AEE-86B0-7ED9B1E636A8}"
EndProject
Project("{9A19103F-16F7-4668-BE54-9A1E7A4F7556}") = "DotNetWithEndro.Loops", "DotNetWithEndro.Loops\DotNetWithEndro.Loops.csproj", "{E6DF9CBF-80AE-4340-A624-02A460290F8D}"
EndProject
Project("{9A19103F-16F7-4668-BE54-9A1E7A4F7556}") = "DotNetWithEndro.DataTypes", "DotNetWithEndro.DataTypes\DotNetWithEndro.DataTypes.csproj", "{02C1A9EE-EBC9-464D-A237-88E732B5A45D}"
EndProject
Project("{2150E333-8FDC-42A3-9474-1A3956D46DE8}") = "HomeWork", "HomeWork", "{A7BD062D-0A4F-4AB4-A8C3-D69F0A17D40D}"
	ProjectSection(SolutionItems) = preProject
		homework_2021-04-28.txt = homework_2021-04-28.txt
		homework_2021-05-04.txt = homework_2021-05-04.txt
		homework_2021-05-17.txt = homework_2021-05-17.txt
	EndProjectSection
EndProject
Project("{9A19103F-16F7-4668-BE54-9A1E7A4F7556}") = "DotNetWithEndro.HW20210428", "DotNetWithEndro.HW20210428\DotNetWithEndro.HW20210428.csproj", "{7C27F9A0-65C9-4C11-BC82-41055FE59D07}"
EndProject
Project("{9A19103F-16F7-4668-BE54-9A1E7A4F7556}") = "DotNetWithEndro.HW20210428.TestApp", "DotNetWithEndro.HW20210428.TestApp\DotNetWithEndro.HW20210428.TestApp.csproj", "{3CA295FB-B74D-48DA-98F8-E390E80396C3}"
EndProject
Project("{9A19103F-16F7-4668-BE54-9A1E7A4F7556}") = "DotNetWithEndro.HW20210428.UnitTests", "DotNetWithEndro.HW20210428.UnitTests\DotNetWithEndro.HW20210428.UnitTests.csproj", "{32F980B1-A21A-4017-A853-AC69EFADCD0F}"
EndProject
Project("{9A19103F-16F7-4668-BE54-9A1E7A4F7556}") = "DotNetWithEndro.HW20210504", "DotNetWithEndro.HW20210504\DotNetWithEndro.HW20210504.csproj", "{9F923ABB-17CB-40FE-893E-17DCB552C294}"
EndProject
Project("{9A19103F-16F7-4668-BE54-9A1E7A4F7556}") = "DotNetWithEndro.HW20210504.TestApp", "DotNetWithEndro.HW20210504.TestApp\DotNetWithEndro.HW20210504.TestApp.csproj", "{DADCB657-C621-46EE-9343-EBF66063F653}"
EndProject
Project("{FAE04EC0-301F-11D3-BF4B-00C04F79EFBC}") = "DotNetWithEndro.HW20210517", "DotNetWithEndro.HW20210517\DotNetWithEndro.HW20210517.csproj", "{F88CFD18-598D-4EA9-B38B-55C8E743FE1B}"
EndProject
Project("{FAE04EC0-301F-11D3-BF4B-00C04F79EFBC}") = "DotNetWithEndro.HW20210517.TestApp", "DotNetWithEndro.HW20210517.TestApp\DotNetWithEndro.HW20210517.TestApp.csproj", "{F8E9302B-CC28-455C-BAB9-2099A3C3D799}"
EndProject
Global
	GlobalSection(SolutionConfigurationPlatforms) = preSolution
		Debug|Any CPU = Debug|Any CPU
		Release|Any CPU = Release|Any CPU
	EndGlobalSection
	GlobalSection(ProjectConfigurationPlatforms) = postSolution
		{9731D301-741D-4340-B1A8-64A1ABE986C6}.Debug|Any CPU.ActiveCfg = Debug|Any CPU
		{9731D301-741D-4340-B1A8-64A1ABE986C6}.Debug|Any CPU.Build.0 = Debug|Any CPU
		{9731D301-741D-4340-B1A8-64A1ABE986C6}.Release|Any CPU.ActiveCfg = Release|Any CPU
		{9731D301-741D-4340-B1A8-64A1ABE986C6}.Release|Any CPU.Build.0 = Release|Any CPU
		{4080B46A-DAFF-4AEE-86B0-7ED9B1E636A8}.Debug|Any CPU.ActiveCfg = Debug|Any CPU
		{4080B46A-DAFF-4AEE-86B0-7ED9B1E636A8}.Debug|Any CPU.Build.0 = Debug|Any CPU
		{4080B46A-DAFF-4AEE-86B0-7ED9B1E636A8}.Release|Any CPU.ActiveCfg = Release|Any CPU
		{4080B46A-DAFF-4AEE-86B0-7ED9B1E636A8}.Release|Any CPU.Build.0 = Release|Any CPU
		{E6DF9CBF-80AE-4340-A624-02A460290F8D}.Debug|Any CPU.ActiveCfg = Debug|Any CPU
		{E6DF9CBF-80AE-4340-A624-02A460290F8D}.Debug|Any CPU.Build.0 = Debug|Any CPU
		{E6DF9CBF-80AE-4340-A624-02A460290F8D}.Release|Any CPU.ActiveCfg = Release|Any CPU
		{E6DF9CBF-80AE-4340-A624-02A460290F8D}.Release|Any CPU.Build.0 = Release|Any CPU
		{02C1A9EE-EBC9-464D-A237-88E732B5A45D}.Debug|Any CPU.ActiveCfg = Debug|Any CPU
		{02C1A9EE-EBC9-464D-A237-88E732B5A45D}.Debug|Any CPU.Build.0 = Debug|Any CPU
		{02C1A9EE-EBC9-464D-A237-88E732B5A45D}.Release|Any CPU.ActiveCfg = Release|Any CPU
		{02C1A9EE-EBC9-464D-A237-88E732B5A45D}.Release|Any CPU.Build.0 = Release|Any CPU
		{7C27F9A0-65C9-4C11-BC82-41055FE59D07}.Debug|Any CPU.ActiveCfg = Debug|Any CPU
		{7C27F9A0-65C9-4C11-BC82-41055FE59D07}.Debug|Any CPU.Build.0 = Debug|Any CPU
		{7C27F9A0-65C9-4C11-BC82-41055FE59D07}.Release|Any CPU.ActiveCfg = Release|Any CPU
		{7C27F9A0-65C9-4C11-BC82-41055FE59D07}.Release|Any CPU.Build.0 = Release|Any CPU
		{3CA295FB-B74D-48DA-98F8-E390E80396C3}.Debug|Any CPU.ActiveCfg = Debug|Any CPU
		{3CA295FB-B74D-48DA-98F8-E390E80396C3}.Debug|Any CPU.Build.0 = Debug|Any CPU
		{3CA295FB-B74D-48DA-98F8-E390E80396C3}.Release|Any CPU.ActiveCfg = Release|Any CPU
		{3CA295FB-B74D-48DA-98F8-E390E80396C3}.Release|Any CPU.Build.0 = Release|Any CPU
		{32F980B1-A21A-4017-A853-AC69EFADCD0F}.Debug|Any CPU.ActiveCfg = Debug|Any CPU
		{32F980B1-A21A-4017-A853-AC69EFADCD0F}.Debug|Any CPU.Build.0 = Debug|Any CPU
		{32F980B1-A21A-4017-A853-AC69EFADCD0F}.Release|Any CPU.ActiveCfg = Release|Any CPU
		{32F980B1-A21A-4017-A853-AC69EFADCD0F}.Release|Any CPU.Build.0 = Release|Any CPU
		{9F923ABB-17CB-40FE-893E-17DCB552C294}.Debug|Any CPU.ActiveCfg = Debug|Any CPU
		{9F923ABB-17CB-40FE-893E-17DCB552C294}.Debug|Any CPU.Build.0 = Debug|Any CPU
		{9F923ABB-17CB-40FE-893E-17DCB552C294}.Release|Any CPU.ActiveCfg = Release|Any CPU
		{9F923ABB-17CB-40FE-893E-17DCB552C294}.Release|Any CPU.Build.0 = Release|Any CPU
		{DADCB657-C621-46EE-9343-EBF66063F653}.Debug|Any CPU.ActiveCfg = Debug|Any CPU
		{DADCB657-C621-46EE-9343-EBF66063F653}.Debug|Any CPU.Build.0 = Debug|Any CPU
		{DADCB657-C621-46EE-9343-EBF66063F653}.Release|Any CPU.ActiveCfg = Release|Any CPU
		{DADCB657-C621-46EE-9343-EBF66063F653}.Release|Any CPU.Build.0 = Release|Any CPU
		{F88CFD18-598D-4EA9-B38B-55C8E743FE1B}.Debug|Any CPU.ActiveCfg = Debug|Any CPU
		{F88CFD18-598D-4EA9-B38B-55C8E743FE1B}.Debug|Any CPU.Build.0 = Debug|Any CPU
		{F88CFD18-598D-4EA9-B38B-55C8E743FE1B}.Release|Any CPU.ActiveCfg = Release|Any CPU
		{F88CFD18-598D-4EA9-B38B-55C8E743FE1B}.Release|Any CPU.Build.0 = Release|Any CPU
		{F8E9302B-CC28-455C-BAB9-2099A3C3D799}.Debug|Any CPU.ActiveCfg = Debug|Any CPU
		{F8E9302B-CC28-455C-BAB9-2099A3C3D799}.Debug|Any CPU.Build.0 = Debug|Any CPU
		{F8E9302B-CC28-455C-BAB9-2099A3C3D799}.Release|Any CPU.ActiveCfg = Release|Any CPU
		{F8E9302B-CC28-455C-BAB9-2099A3C3D799}.Release|Any CPU.Build.0 = Release|Any CPU
	EndGlobalSection
	GlobalSection(SolutionProperties) = preSolution
		HideSolutionNode = FALSE
	EndGlobalSection
	GlobalSection(NestedProjects) = preSolution
	EndGlobalSection
	GlobalSection(ExtensibilityGlobals) = postSolution
		SolutionGuid = {42B18E80-38D6-42FF-83DF-5C122AE68DB0}
	EndGlobalSection
EndGlobal
